id: stamina_manual_beam
label: Manual Beam
category: '[STAMINA]'

#  Make one 'parameters' list entry for every parameter you want settable from the GUI.
#     Keys include:
#     * id (makes the value accessible as \$keyname, e.g. in the make entry)
#     * label (label shown in the GUI)
#     * dtype (e.g. int, float, complex, byte, short, xxx_vector, ...)
parameters:
- id: tx_beam
  label: TX Beam Index
  dtype: int
  default: '32'
- id: rx_beam
  label: RX Beam Index
  dtype: int
  default: '32'
- id: debug
  label: Debug
  dtype: bool
  default: 'False'
  options: ['True', 'False']

#  Make one 'inputs' list entry per input and one 'outputs' list entry per output.
#  Keys include:
#      * label (an identifier for the GUI)
#      * domain (optional - stream or message. Default is stream)
#      * dtype (e.g. int, float, complex, byte, short, xxx_vector, ...)
#      * vlen (optional - data stream vector length. Default is 1)
#      * optional (optional - set to 1 for optional inputs. Default is 0)
outputs:
-   domain: message
    id: beam_id
    optional: true

templates:
  imports: import stamina
  make: stamina.manual_beam(${tx_beam}, ${rx_beam}, ${debug})
  callbacks:
  - set_tx_beam(${tx_beam})
  - set_rx_beam(${rx_beam})

#  'file_format' specifies the version of the GRC yml format used in the file
#  and should usually not be changed.
file_format: 1
